// !$*UTF8*$!
{
	archiveVersion = 1;
	classes = {
	};
	objectVersion = 46;
	objects = {

/* Begin PBXBuildFile section */
		6CC524D11931BCEA00B7A2AC /* main.c in Sources */ = {isa = PBXBuildFile; fileRef = 6CC524D01931BCEA00B7A2AC /* main.c */; };
		6CC524D31931BCEA00B7A2AC /* Numbers.1 in CopyFiles */ = {isa = PBXBuildFile; fileRef = 6CC524D21931BCEA00B7A2AC /* Numbers.1 */; };
/* End PBXBuildFile section */

/* Begin PBXCopyFilesBuildPhase section */
		6CC524CB1931BCEA00B7A2AC /* CopyFiles */ = {
			isa = PBXCopyFilesBuildPhase;
			buildActionMask = 2147483647;
			dstPath = /usr/share/man/man1/;
			dstSubfolderSpec = 0;
			files = (
				6CC524D31931BCEA00B7A2AC /* Numbers.1 in CopyFiles */,
			);
			runOnlyForDeploymentPostprocessing = 1;
		};
/* End PBXCopyFilesBuildPhase section */

/* Begin PBXFileReference section */
		6CC524CD1931BCEA00B7A2AC /* Numbers */ = {isa = PBXFileReference; explicitFileType = "compiled.mach-o.executable"; includeInIndex = 0; path = Numbers; sourceTree = BUILT_PRODUCTS_DIR; };
		6CC524D01931BCEA00B7A2AC /* main.c */ = {isa = PBXFileReference; lastKnownFileType = sourcecode.c.c; path = main.c; sourceTree = "<group>"; };
		6CC524D21931BCEA00B7A2AC /* Numbers.1 */ = {isa = PBXFileReference; lastKnownFileType = text.man; path = Numbers.1; sourceTree = "<group>"; };
/* End PBXFileReference section */

/* Begin PBXFrameworksBuildPhase section */
		6CC524CA1931BCEA00B7A2AC /* Frameworks */ = {
			isa = PBXFrameworksBuildPhase;
			buildActionMask = 2147483647;
			files = (
			);
			runOnlyForDeploymentPostprocessing = 0;
		};
/* End PBXFrameworksBuildPhase section */

/* Begin PBXGroup section */
		6CC524C41931BCEA00B7A2AC = {
			isa = PBXGroup;
			children = (
				6CC524CF1931BCEA00B7A2AC /* Numbers */,
				6CC524CE1931BCEA00B7A2AC /* Products */,
			);
			sourceTree = "<group>";
		};
		6CC524CE1931BCEA00B7A2AC /* Products */ = {
			isa = PBXGroup;
			children = (
				6CC524CD1931BCEA00B7A2AC /* Numbers */,
			);
			name = Products;
			sourceTree = "<group>";
		};
		6CC524CF1931BCEA00B7A2AC /* Numbers */ = {
			isa = PBXGroup;
			children = (
				6CC524D01931BCEA00B7A2AC /* main.c */,
				6CC524D21931BCEA00B7A2AC /* Numbers.1 */,
			);
			path = Numbers;
			sourceTree = "<group>";
		};
/* End PBXGroup section */

/* Begin PBXNativeTarget section */
		6CC524CC1931BCEA00B7A2AC /* Numbers */ = {
			isa = PBXNativeTarget;
			buildConfigurationList = 6CC524D61931BCEA00B7A2AC /* Build configuration list for PBXNativeTarget "Numbers" */;
			buildPhases = (
				6CC524C91931BCEA00B7A2AC /* Sources */,
				6CC524CA1931BCEA00B7A2AC /* Frameworks */,
				6CC524CB1931BCEA00B7A2AC /* CopyFiles */,
			);
			buildRules = (
			);
			dependencies = (
			);
			name = Numbers;
			productName = Numbers;
			productReference = 6CC524CD1931BCEA00B7A2AC /* Numbers */;
			productType = "com.apple.product-type.tool";
		};
/* End PBXNativeTarget section */

/* Begin PBXProject section */
		6CC524C51931BCEA00B7A2AC /* Project object */ = {
			isa = PBXProject;
			attributes = {
				LastUpgradeCheck = 0460;
				ORGANIZATIONNAME = "Do Your Thing";
			};
			buildConfigurationList = 6CC524C81931BCEA00B7A2AC /* Build configuration list for PBXProject "Numbers" */;
			compatibilityVersion = "Xcode 3.2";
			developmentRegion = English;
			hasScannedForEncodings = 0;
			knownRegions = (
				en,
			);
			mainGroup = 6CC524C41931BCEA00B7A2AC;
			productRefGroup = 6CC524CE1931BCEA00B7A2AC /* Products */;
			projectDirPath = "";
			projectRoot = "";
			targets = (
				6CC524CC1931BCEA00B7A2AC /* Numbers */,
			);
		};
/* End PBXProject section */

/* Begin PBXSourcesBuildPhase section */
		6CC524C91931BCEA00B7A2AC /* Sources */ = {
			isa = PBXSourcesBuildPhase;
			buildActionMask = 2147483647;
			files = (
				6CC524D11931BCEA00B7A2AC /* main.c in Sources */,
			);
			runOnlyForDeploymentPostprocessing = 0;
		};
/* End PBXSourcesBuildPhase section */

/* Begin XCBuildConfiguration section */
		6CC524D41931BCEA00B7A2AC /* Debug */ = {
			isa = XCBuildConfiguration;
			buildSettings = {
				ALWAYS_SEARCH_USER_PATHS = NO;
				ARCHS = "$(ARCHS_STANDARD_64_BIT)";
				CLANG_CXX_LANGUAGE_STANDARD = "gnu++0x";
				CLANG_CXX_LIBRARY = "libc++";
				CLANG_ENABLE_OBJC_ARC = YES;
				CLANG_WARN_CONSTANT_CONVERSION = YES;
				CLANG_WARN_EMPTY_BODY = YES;
				CLANG_WARN_ENUM_CONVERSION = YES;
				CLANG_WARN_INT_CONVERSION = YES;
				CLANG_WARN__DUPLICATE_METHOD_MATCH = YES;
				COPY_PHASE_STRIP = NO;
				GCC_C_LANGUAGE_STANDARD = gnu99;
				GCC_DYNAMIC_NO_PIC = NO;
				GCC_ENABLE_OBJC_EXCEPTIONS = YES;
				GCC_OPTIMIZATION_LEVEL = 0;
				GCC_PREPROCESSOR_DEFINITIONS = (
					"DEBUG=1",
					"$(inherited)",
				);
				GCC_SYMBOLS_PRIVATE_EXTERN = NO;
				GCC_WARN_64_TO_32_BIT_CONVERSION = YES;
				GCC_WARN_ABOUT_RETURN_TYPE = YES;
				GCC_WARN_UNINITIALIZED_AUTOS = YES;
				GCC_WARN_UNUSED_VARIABLE = YES;
				MACOSX_DEPLOYMENT_TARGET = 10.7;
				ONLY_ACTIVE_ARCH = YES;
				SDKROOT = macosx;
			};
			name = Debug;
		};
		6CC524D51931BCEA00B7A2AC /* Release */ = {
			isa = XCBuildConfiguration;
			buildSettings = {
				ALWAYS_SEARCH_USER_PATHS = NO;
				ARCHS = "$(ARCHS_STANDARD_64_BIT)";
				CLANG_CXX_LANGUAGE_STANDARD = "gnu++0x";
				CLANG_CXX_LIBRARY = "libc++";
				CLANG_ENABLE_OBJC_ARC = YES;
				CLANG_WARN_CONSTANT_CONVERSION = YES;
				CLANG_WARN_EMPTY_BODY = YES;
				CLANG_WARN_ENUM_CONVERSION = YES;
				CLANG_WARN_INT_CONVERSION = YES;
				CLANG_WARN__DUPLICATE_METHOD_MATCH = YES;
				COPY_PHASE_STRIP = YES;
				DEBUG_INFORMATION_FORMAT = "dwarf-with-dsym";
				GCC_C_LANGUAGE_STANDARD = gnu99;
				GCC_ENABLE_OBJC_EXCEPTIONS = YES;
				GCC_WARN_64_TO_32_BIT_CONVERSION = YES;
				GCC_WARN_ABOUT_RETURN_TYPE = YES;
				GCC_WARN_UNINITIALIZED_AUTOS = YES;
				GCC_WARN_UNUSED_VARIABLE = YES;
				MACOSX_DEPLOYMENT_TARGET = 10.7;
				SDKROOT = macosx;
			};
			name = Release;
		};
		6CC524D71931BCEA00B7A2AC /* Debug */ = {
			isa = XCBuildConfiguration;
			buildSettings = {
				PRODUCT_NAME = "$(TARGET_NAME)";
			};
			name = Debug;
		};
		6CC524D81931BCEA00B7A2AC /* Release */ = {
			isa = XCBuildConfiguration;
			buildSettings = {
				PRODUCT_NAME = "$(TARGET_NAME)";
			};
			name = Release;
		};
/* End XCBuildConfiguration section */

/* Begin XCConfigurationList section */
		6CC524C81931BCEA00B7A2AC /* Build configuration list for PBXProject "Numbers" */ = {
			isa = XCConfigurationList;
			buildConfigurations = (
				6CC524D41931BCEA00B7A2AC /* Debug */,
				6CC524D51931BCEA00B7A2AC /* Release */,
			);
			defaultConfigurationIsVisible = 0;
			defaultConfigurationName = Release;
		};
		6CC524D61931BCEA00B7A2AC /* Build configuration list for PBXNativeTarget "Numbers" */ = {
			isa = XCConfigurationList;
			buildConfigurations = (
				6CC524D71931BCEA00B7A2AC /* Debug */,
				6CC524D81931BCEA00B7A2AC /* Release */,
			);
			defaultConfigurationIsVisible = 0;
		};
/* End XCConfigurationList section */
	};
	rootObject = 6CC524C51931BCEA00B7A2AC /* Project object */;
}
